
Microsoft Visual Studio Solution File, Format Version 12.00
# Visual Studio Version 17
VisualStudioVersion = 17.3.32825.248
MinimumVisualStudioVersion = 10.0.40219.1
Project("{9A19103F-16F7-4668-BE54-9A1E7A4F7556}") = "CSPILOT", "CSPILOT.csproj", "{B73A2CAB-230E-486E-8F83-B356DD22CB9F}"
EndProject
Global
	GlobalSection(SolutionConfigurationPlatforms) = preSolution
		Debug|Any CPU = Debug|Any CPU
		Release|Any CPU = Release|Any CPU
	EndGlobalSection
	GlobalSection(ProjectConfigurationPlatforms) = postSolution
		{B73A2CAB-230E-486E-8F83-B356DD22CB9F}.Debug|Any CPU.ActiveCfg = Debug|Any CPU
		{B73A2CAB-230E-486E-8F83-B356DD22CB9F}.Debug|Any CPU.Build.0 = Debug|Any CPU
		{B73A2CAB-230E-486E-8F83-B356DD22CB9F}.Release|Any CPU.ActiveCfg = Release|Any CPU
		{B73A2CAB-230E-486E-8F83-B356DD22CB9F}.Release|Any CPU.Build.0 = Release|Any CPU
	EndGlobalSection
	GlobalSection(SolutionProperties) = preSolution
		HideSolutionNode = FALSE
	EndGlobalSection
	GlobalSection(ExtensibilityGlobals) = postSolution
		SolutionGuid = {B1D2B983-922F-496F-828C-7C8AAF415272}
	EndGlobalSection
EndGlobal
